
Microsoft Visual Studio Solution File, Format Version 12.00
# Visual Studio Version 17
VisualStudioVersion = 17.4.33103.184
MinimumVisualStudioVersion = 10.0.40219.1
Project("{9A19103F-16F7-4668-BE54-9A1E7A4F7556}") = "HelloOrleans.Host", "HelloOrleans.Host\HelloOrleans.Host.csproj", "{3094B4B2-BF0C-4410-9408-392BC0EFD714}"
EndProject
Project("{FAE04EC0-301F-11D3-BF4B-00C04F79EFBC}") = "HelloOrleans.Contract", "HelloOrleans.Contract\HelloOrleans.Contract.csproj", "{183228A7-933C-4EFC-9E38-54AEFD1639FF}"
EndProject
Global
	GlobalSection(SolutionConfigurationPlatforms) = preSolution
		Debug|Any CPU = Debug|Any CPU
		Release|Any CPU = Release|Any CPU
	EndGlobalSection
	GlobalSection(ProjectConfigurationPlatforms) = postSolution
		{3094B4B2-BF0C-4410-9408-392BC0EFD714}.Debug|Any CPU.ActiveCfg = Debug|Any CPU
		{3094B4B2-BF0C-4410-9408-392BC0EFD714}.Debug|Any CPU.Build.0 = Debug|Any CPU
		{3094B4B2-BF0C-4410-9408-392BC0EFD714}.Release|Any CPU.ActiveCfg = Release|Any CPU
		{3094B4B2-BF0C-4410-9408-392BC0EFD714}.Release|Any CPU.Build.0 = Release|Any CPU
		{183228A7-933C-4EFC-9E38-54AEFD1639FF}.Debug|Any CPU.ActiveCfg = Debug|Any CPU
		{183228A7-933C-4EFC-9E38-54AEFD1639FF}.Debug|Any CPU.Build.0 = Debug|Any CPU
		{183228A7-933C-4EFC-9E38-54AEFD1639FF}.Release|Any CPU.ActiveCfg = Release|Any CPU
		{183228A7-933C-4EFC-9E38-54AEFD1639FF}.Release|Any CPU.Build.0 = Release|Any CPU
	EndGlobalSection
	GlobalSection(SolutionProperties) = preSolution
		HideSolutionNode = FALSE
	EndGlobalSection
	GlobalSection(ExtensibilityGlobals) = postSolution
		SolutionGuid = {55651A20-4C25-44C6-974F-A39572D7AA58}
	EndGlobalSection
EndGlobal
